{
  "version": 4,
  "terraform_version": "1.4.6",
  "serial": 4,
  "lineage": "204bdcb0-e9df-ac40-84a2-e9546b32834f",
  "outputs": {},
  "resources": [
    {
      "mode": "managed",
      "type": "google_project_iam_binding",
      "name": "group_policy",
      "provider": "provider[\"registry.terraform.io/hashicorp/google\"]",
      "instances": [
        {
          "schema_version": 0,
          "attributes": {
            "condition": [],
            "etag": "BwX91rjkCRQ=",
            "id": "terraform-386709/roles/editor",
            "members": [
              "group:null"
            ],
            "project": "terraform-386709",
            "role": "roles/editor"
          },
          "sensitive_attributes": [],
          "private": "bnVsbA=="
        }
      ]
    }
  ],
  "check_results": null
}
